
Microsoft Visual Studio Solution File, Format Version 12.00
# Visual Studio Version 16
VisualStudioVersion = 16.0.30320.27
MinimumVisualStudioVersion = 10.0.40219.1
Project("{FAE04EC0-301F-11D3-BF4B-00C04F79EFBC}") = "CustomDictionary", "CustomDictionary\CustomDictionary.csproj", "{CC51D120-7561-4CE9-AC15-0C9E893F9E6E}"
EndProject
Global
	GlobalSection(SolutionConfigurationPlatforms) = preSolution
		Debug|Any CPU = Debug|Any CPU
		Release|Any CPU = Release|Any CPU
	EndGlobalSection
	GlobalSection(ProjectConfigurationPlatforms) = postSolution
		{CC51D120-7561-4CE9-AC15-0C9E893F9E6E}.Debug|Any CPU.ActiveCfg = Debug|Any CPU
		{CC51D120-7561-4CE9-AC15-0C9E893F9E6E}.Debug|Any CPU.Build.0 = Debug|Any CPU
		{CC51D120-7561-4CE9-AC15-0C9E893F9E6E}.Release|Any CPU.ActiveCfg = Release|Any CPU
		{CC51D120-7561-4CE9-AC15-0C9E893F9E6E}.Release|Any CPU.Build.0 = Release|Any CPU
	EndGlobalSection
	GlobalSection(SolutionProperties) = preSolution
		HideSolutionNode = FALSE
	EndGlobalSection
	GlobalSection(ExtensibilityGlobals) = postSolution
		SolutionGuid = {807594B6-E524-43CD-95CF-E70D306BD31C}
	EndGlobalSection
EndGlobal
